
Microsoft Visual Studio Solution File, Format Version 12.00
# Visual Studio Version 17
VisualStudioVersion = 17.3.32825.248
MinimumVisualStudioVersion = 10.0.40219.1
Project("{FAE04EC0-301F-11D3-BF4B-00C04F79EFBC}") = "Assignment4Part2-SammiRoy", "Assignment4Part2-SammiRoy\Assignment4Part2-SammiRoy.csproj", "{B2EBC014-91EA-4677-8971-6E2A2EF97EAC}"
EndProject
Global
	GlobalSection(SolutionConfigurationPlatforms) = preSolution
		Debug|Any CPU = Debug|Any CPU
		Release|Any CPU = Release|Any CPU
	EndGlobalSection
	GlobalSection(ProjectConfigurationPlatforms) = postSolution
		{B2EBC014-91EA-4677-8971-6E2A2EF97EAC}.Debug|Any CPU.ActiveCfg = Debug|Any CPU
		{B2EBC014-91EA-4677-8971-6E2A2EF97EAC}.Debug|Any CPU.Build.0 = Debug|Any CPU
		{B2EBC014-91EA-4677-8971-6E2A2EF97EAC}.Release|Any CPU.ActiveCfg = Release|Any CPU
		{B2EBC014-91EA-4677-8971-6E2A2EF97EAC}.Release|Any CPU.Build.0 = Release|Any CPU
	EndGlobalSection
	GlobalSection(SolutionProperties) = preSolution
		HideSolutionNode = FALSE
	EndGlobalSection
	GlobalSection(ExtensibilityGlobals) = postSolution
		SolutionGuid = {6590DBE1-DBF2-47CD-B17D-B9FE010D1C59}
	EndGlobalSection
EndGlobal
