
Microsoft Visual Studio Solution File, Format Version 12.00
# Visual Studio Version 17
VisualStudioVersion = 17.3.32901.215
MinimumVisualStudioVersion = 10.0.40219.1
Project("{FAE04EC0-301F-11D3-BF4B-00C04F79EFBC}") = "Assignment3Part1-SamanthaRoy", "Assignment3Part1-SamanthaRoy\Assignment3Part1-SamanthaRoy.csproj", "{79F07E8B-8D77-4B6F-8022-0FD6E7CA12B2}"
EndProject
Global
	GlobalSection(SolutionConfigurationPlatforms) = preSolution
		Debug|Any CPU = Debug|Any CPU
		Release|Any CPU = Release|Any CPU
	EndGlobalSection
	GlobalSection(ProjectConfigurationPlatforms) = postSolution
		{79F07E8B-8D77-4B6F-8022-0FD6E7CA12B2}.Debug|Any CPU.ActiveCfg = Debug|Any CPU
		{79F07E8B-8D77-4B6F-8022-0FD6E7CA12B2}.Debug|Any CPU.Build.0 = Debug|Any CPU
		{79F07E8B-8D77-4B6F-8022-0FD6E7CA12B2}.Release|Any CPU.ActiveCfg = Release|Any CPU
		{79F07E8B-8D77-4B6F-8022-0FD6E7CA12B2}.Release|Any CPU.Build.0 = Release|Any CPU
	EndGlobalSection
	GlobalSection(SolutionProperties) = preSolution
		HideSolutionNode = FALSE
	EndGlobalSection
	GlobalSection(ExtensibilityGlobals) = postSolution
		SolutionGuid = {338D9194-B330-4540-B0FF-CC0B2B5C179E}
	EndGlobalSection
EndGlobal
